// !$*UTF8*$!
{
	archiveVersion = 1;
	classes = {
	};
	objectVersion = 56;
	objects = {

/* Begin PBXBuildFile section */
		C904FA452C9C20BF00D1C2DB /* DateFormat.swift in Sources */ = {isa = PBXBuildFile; fileRef = C904FA442C9C20BF00D1C2DB /* DateFormat.swift */; };
		C904FA482C9C226B00D1C2DB /* Date+.swift in Sources */ = {isa = PBXBuildFile; fileRef = C904FA472C9C226B00D1C2DB /* Date+.swift */; };
		C904FA4A2C9C44F000D1C2DB /* TopMonthView.swift in Sources */ = {isa = PBXBuildFile; fileRef = C904FA492C9C44F000D1C2DB /* TopMonthView.swift */; };
		C904FA4C2C9C4AEE00D1C2DB /* ButtonActionModifier.swift in Sources */ = {isa = PBXBuildFile; fileRef = C904FA4B2C9C4AEE00D1C2DB /* ButtonActionModifier.swift */; };
		C904FA4E2C9C575100D1C2DB /* LessonCardView.swift in Sources */ = {isa = PBXBuildFile; fileRef = C904FA4D2C9C575100D1C2DB /* LessonCardView.swift */; };
		C909A5232CA14EB4007E6A61 /* AsyncImgView.swift in Sources */ = {isa = PBXBuildFile; fileRef = C909A5222CA14EB4007E6A61 /* AsyncImgView.swift */; };
		C909A5252CA14F4C007E6A61 /* LessonMusicView.swift in Sources */ = {isa = PBXBuildFile; fileRef = C909A5242CA14F4C007E6A61 /* LessonMusicView.swift */; };
		C909A5272CA15006007E6A61 /* MusicInfoDetailView.swift in Sources */ = {isa = PBXBuildFile; fileRef = C909A5262CA15006007E6A61 /* MusicInfoDetailView.swift */; };
		C909A5292CA158BA007E6A61 /* LessonTimeView.swift in Sources */ = {isa = PBXBuildFile; fileRef = C909A5282CA158BA007E6A61 /* LessonTimeView.swift */; };
		C909A52B2CA1853F007E6A61 /* LessonMemoView.swift in Sources */ = {isa = PBXBuildFile; fileRef = C909A52A2CA1853F007E6A61 /* LessonMemoView.swift */; };
		C909A52D2CA19229007E6A61 /* LessonTimeCircleView.swift in Sources */ = {isa = PBXBuildFile; fileRef = C909A52C2CA19229007E6A61 /* LessonTimeCircleView.swift */; };
		C96BC6B82C9BD53400C5B5AE /* Musical_NotesApp.swift in Sources */ = {isa = PBXBuildFile; fileRef = C96BC6B72C9BD53400C5B5AE /* Musical_NotesApp.swift */; };
		C96BC6BA2C9BD53400C5B5AE /* ContentView.swift in Sources */ = {isa = PBXBuildFile; fileRef = C96BC6B92C9BD53400C5B5AE /* ContentView.swift */; };
		C96BC6BC2C9BD53500C5B5AE /* Assets.xcassets in Resources */ = {isa = PBXBuildFile; fileRef = C96BC6BB2C9BD53500C5B5AE /* Assets.xcassets */; };
		C96BC6BF2C9BD53500C5B5AE /* Preview Assets.xcassets in Resources */ = {isa = PBXBuildFile; fileRef = C96BC6BE2C9BD53500C5B5AE /* Preview Assets.xcassets */; };
		C98690322CA1978B00418A61 /* AddMemoView.swift in Sources */ = {isa = PBXBuildFile; fileRef = C98690312CA1978B00418A61 /* AddMemoView.swift */; };
		C98690352CA1AAFF00418A61 /* MusicSearchView.swift in Sources */ = {isa = PBXBuildFile; fileRef = C98690342CA1AAFF00418A61 /* MusicSearchView.swift */; };
		C989B86D2C9D08C3004FD90D /* Pretendard-Medium.otf in Resources */ = {isa = PBXBuildFile; fileRef = C989B8642C9D08C3004FD90D /* Pretendard-Medium.otf */; };
		C989B86E2C9D08C3004FD90D /* Pretendard-Regular.otf in Resources */ = {isa = PBXBuildFile; fileRef = C989B8652C9D08C3004FD90D /* Pretendard-Regular.otf */; };
		C989B86F2C9D08C3004FD90D /* Pretendard-ExtraLight.otf in Resources */ = {isa = PBXBuildFile; fileRef = C989B8662C9D08C3004FD90D /* Pretendard-ExtraLight.otf */; };
		C989B8702C9D08C3004FD90D /* Pretendard-Bold.otf in Resources */ = {isa = PBXBuildFile; fileRef = C989B8672C9D08C3004FD90D /* Pretendard-Bold.otf */; };
		C989B8712C9D08C3004FD90D /* Pretendard-Thin.otf in Resources */ = {isa = PBXBuildFile; fileRef = C989B8682C9D08C3004FD90D /* Pretendard-Thin.otf */; };
		C989B8722C9D08C3004FD90D /* Pretendard-SemiBold.otf in Resources */ = {isa = PBXBuildFile; fileRef = C989B8692C9D08C3004FD90D /* Pretendard-SemiBold.otf */; };
		C989B8732C9D08C3004FD90D /* Pretendard-Black.otf in Resources */ = {isa = PBXBuildFile; fileRef = C989B86A2C9D08C3004FD90D /* Pretendard-Black.otf */; };
		C989B8742C9D08C3004FD90D /* Pretendard-ExtraBold.otf in Resources */ = {isa = PBXBuildFile; fileRef = C989B86B2C9D08C3004FD90D /* Pretendard-ExtraBold.otf */; };
		C989B8752C9D08C3004FD90D /* Pretendard-Light.otf in Resources */ = {isa = PBXBuildFile; fileRef = C989B86C2C9D08C3004FD90D /* Pretendard-Light.otf */; };
		C989B8792C9D09B1004FD90D /* PretendardFontType.swift in Sources */ = {isa = PBXBuildFile; fileRef = C989B8782C9D09B1004FD90D /* PretendardFontType.swift */; };
		C989B87B2C9D0DB2004FD90D /* CustomFontModifier.swift in Sources */ = {isa = PBXBuildFile; fileRef = C989B87A2C9D0DB2004FD90D /* CustomFontModifier.swift */; };
		C989B8832C9D1A72004FD90D /* Color+.swift in Sources */ = {isa = PBXBuildFile; fileRef = C989B8822C9D1A72004FD90D /* Color+.swift */; };
		C989B8872C9D5383004FD90D /* LessonDetailView.swift in Sources */ = {isa = PBXBuildFile; fileRef = C989B8862C9D5383004FD90D /* LessonDetailView.swift */; };
		C9AC16662CA2A32200251F38 /* MusicSearchCompoView.swift in Sources */ = {isa = PBXBuildFile; fileRef = C9AC16652CA2A32200251F38 /* MusicSearchCompoView.swift */; };
		C9AC16682CA2BACA00251F38 /* AddMemoViewModel.swift in Sources */ = {isa = PBXBuildFile; fileRef = C9AC16672CA2BACA00251F38 /* AddMemoViewModel.swift */; };
		C9AC166A2CA2BE9100251F38 /* ViewHiddenModifier.swift in Sources */ = {isa = PBXBuildFile; fileRef = C9AC16692CA2BE9100251F38 /* ViewHiddenModifier.swift */; };
		C9CB200F2C9BF718005DECF7 /* CustomTabView.swift in Sources */ = {isa = PBXBuildFile; fileRef = C9CB200E2C9BF718005DECF7 /* CustomTabView.swift */; };
		C9CB20112C9BF739005DECF7 /* TabModel.swift in Sources */ = {isa = PBXBuildFile; fileRef = C9CB20102C9BF739005DECF7 /* TabModel.swift */; };
		C9CB20132C9BF7C1005DECF7 /* CalendarView.swift in Sources */ = {isa = PBXBuildFile; fileRef = C9CB20122C9BF7C1005DECF7 /* CalendarView.swift */; };
		C9CB20152C9BF7CE005DECF7 /* FeedView.swift in Sources */ = {isa = PBXBuildFile; fileRef = C9CB20142C9BF7CE005DECF7 /* FeedView.swift */; };
		C9CB20172C9BF7DB005DECF7 /* MyPageView.swift in Sources */ = {isa = PBXBuildFile; fileRef = C9CB20162C9BF7DB005DECF7 /* MyPageView.swift */; };
		C9CB20192C9BF909005DECF7 /* TabBarAccess.swift in Sources */ = {isa = PBXBuildFile; fileRef = C9CB20182C9BF909005DECF7 /* TabBarAccess.swift */; };
		C9CB201B2C9BF929005DECF7 /* TabBarButtonStyle.swift in Sources */ = {isa = PBXBuildFile; fileRef = C9CB201A2C9BF929005DECF7 /* TabBarButtonStyle.swift */; };
		C9CB201E2C9BFC1B005DECF7 /* NotesTabView.swift in Sources */ = {isa = PBXBuildFile; fileRef = C9CB201D2C9BFC1B005DECF7 /* NotesTabView.swift */; };
		C9CB20242C9BFEAA005DECF7 /* LazyNavigationView.swift in Sources */ = {isa = PBXBuildFile; fileRef = C9CB20232C9BFEAA005DECF7 /* LazyNavigationView.swift */; };
		C9CB20292C9C00A6005DECF7 /* FSCalendar in Frameworks */ = {isa = PBXBuildFile; productRef = C9CB20282C9C00A6005DECF7 /* FSCalendar */; };
		C9CB202B2C9C0149005DECF7 /* FSCalendarView.swift in Sources */ = {isa = PBXBuildFile; fileRef = C9CB202A2C9C0149005DECF7 /* FSCalendarView.swift */; };
		C9CB202F2C9C1DEB005DECF7 /* CalendarViewModel.swift in Sources */ = {isa = PBXBuildFile; fileRef = C9CB202E2C9C1DEB005DECF7 /* CalendarViewModel.swift */; };
		C9FF89122C9DB82E004AF325 /* Constant.swift in Sources */ = {isa = PBXBuildFile; fileRef = C9FF89112C9DB82E004AF325 /* Constant.swift */; };
/* End PBXBuildFile section */

/* Begin PBXFileReference section */
		C904FA442C9C20BF00D1C2DB /* DateFormat.swift */ = {isa = PBXFileReference; lastKnownFileType = sourcecode.swift; path = DateFormat.swift; sourceTree = "<group>"; };
		C904FA472C9C226B00D1C2DB /* Date+.swift */ = {isa = PBXFileReference; lastKnownFileType = sourcecode.swift; path = "Date+.swift"; sourceTree = "<group>"; };
		C904FA492C9C44F000D1C2DB /* TopMonthView.swift */ = {isa = PBXFileReference; lastKnownFileType = sourcecode.swift; path = TopMonthView.swift; sourceTree = "<group>"; };
		C904FA4B2C9C4AEE00D1C2DB /* ButtonActionModifier.swift */ = {isa = PBXFileReference; lastKnownFileType = sourcecode.swift; path = ButtonActionModifier.swift; sourceTree = "<group>"; };
		C904FA4D2C9C575100D1C2DB /* LessonCardView.swift */ = {isa = PBXFileReference; lastKnownFileType = sourcecode.swift; path = LessonCardView.swift; sourceTree = "<group>"; };
		C909A5222CA14EB4007E6A61 /* AsyncImgView.swift */ = {isa = PBXFileReference; lastKnownFileType = sourcecode.swift; path = AsyncImgView.swift; sourceTree = "<group>"; };
		C909A5242CA14F4C007E6A61 /* LessonMusicView.swift */ = {isa = PBXFileReference; lastKnownFileType = sourcecode.swift; path = LessonMusicView.swift; sourceTree = "<group>"; };
		C909A5262CA15006007E6A61 /* MusicInfoDetailView.swift */ = {isa = PBXFileReference; lastKnownFileType = sourcecode.swift; path = MusicInfoDetailView.swift; sourceTree = "<group>"; };
		C909A5282CA158BA007E6A61 /* LessonTimeView.swift */ = {isa = PBXFileReference; lastKnownFileType = sourcecode.swift; path = LessonTimeView.swift; sourceTree = "<group>"; };
		C909A52A2CA1853F007E6A61 /* LessonMemoView.swift */ = {isa = PBXFileReference; lastKnownFileType = sourcecode.swift; path = LessonMemoView.swift; sourceTree = "<group>"; };
		C909A52C2CA19229007E6A61 /* LessonTimeCircleView.swift */ = {isa = PBXFileReference; lastKnownFileType = sourcecode.swift; path = LessonTimeCircleView.swift; sourceTree = "<group>"; };
		C96BC6B42C9BD53400C5B5AE /* Musical-Notes.app */ = {isa = PBXFileReference; explicitFileType = wrapper.application; includeInIndex = 0; path = "Musical-Notes.app"; sourceTree = BUILT_PRODUCTS_DIR; };
		C96BC6B72C9BD53400C5B5AE /* Musical_NotesApp.swift */ = {isa = PBXFileReference; lastKnownFileType = sourcecode.swift; path = Musical_NotesApp.swift; sourceTree = "<group>"; };
		C96BC6B92C9BD53400C5B5AE /* ContentView.swift */ = {isa = PBXFileReference; lastKnownFileType = sourcecode.swift; path = ContentView.swift; sourceTree = "<group>"; };
		C96BC6BB2C9BD53500C5B5AE /* Assets.xcassets */ = {isa = PBXFileReference; lastKnownFileType = folder.assetcatalog; path = Assets.xcassets; sourceTree = "<group>"; };
		C96BC6BE2C9BD53500C5B5AE /* Preview Assets.xcassets */ = {isa = PBXFileReference; lastKnownFileType = folder.assetcatalog; path = "Preview Assets.xcassets"; sourceTree = "<group>"; };
		C98690312CA1978B00418A61 /* AddMemoView.swift */ = {isa = PBXFileReference; lastKnownFileType = sourcecode.swift; path = AddMemoView.swift; sourceTree = "<group>"; };
		C98690342CA1AAFF00418A61 /* MusicSearchView.swift */ = {isa = PBXFileReference; lastKnownFileType = sourcecode.swift; path = MusicSearchView.swift; sourceTree = "<group>"; };
		C989B8642C9D08C3004FD90D /* Pretendard-Medium.otf */ = {isa = PBXFileReference; lastKnownFileType = file; path = "Pretendard-Medium.otf"; sourceTree = "<group>"; };
		C989B8652C9D08C3004FD90D /* Pretendard-Regular.otf */ = {isa = PBXFileReference; lastKnownFileType = file; path = "Pretendard-Regular.otf"; sourceTree = "<group>"; };
		C989B8662C9D08C3004FD90D /* Pretendard-ExtraLight.otf */ = {isa = PBXFileReference; lastKnownFileType = file; path = "Pretendard-ExtraLight.otf"; sourceTree = "<group>"; };
		C989B8672C9D08C3004FD90D /* Pretendard-Bold.otf */ = {isa = PBXFileReference; lastKnownFileType = file; path = "Pretendard-Bold.otf"; sourceTree = "<group>"; };
		C989B8682C9D08C3004FD90D /* Pretendard-Thin.otf */ = {isa = PBXFileReference; lastKnownFileType = file; path = "Pretendard-Thin.otf"; sourceTree = "<group>"; };
		C989B8692C9D08C3004FD90D /* Pretendard-SemiBold.otf */ = {isa = PBXFileReference; lastKnownFileType = file; path = "Pretendard-SemiBold.otf"; sourceTree = "<group>"; };
		C989B86A2C9D08C3004FD90D /* Pretendard-Black.otf */ = {isa = PBXFileReference; lastKnownFileType = file; path = "Pretendard-Black.otf"; sourceTree = "<group>"; };
		C989B86B2C9D08C3004FD90D /* Pretendard-ExtraBold.otf */ = {isa = PBXFileReference; lastKnownFileType = file; path = "Pretendard-ExtraBold.otf"; sourceTree = "<group>"; };
		C989B86C2C9D08C3004FD90D /* Pretendard-Light.otf */ = {isa = PBXFileReference; lastKnownFileType = file; path = "Pretendard-Light.otf"; sourceTree = "<group>"; };
		C989B8762C9D08EA004FD90D /* Info.plist */ = {isa = PBXFileReference; lastKnownFileType = text.plist.xml; path = Info.plist; sourceTree = "<group>"; };
		C989B8782C9D09B1004FD90D /* PretendardFontType.swift */ = {isa = PBXFileReference; lastKnownFileType = sourcecode.swift; path = PretendardFontType.swift; sourceTree = "<group>"; };
		C989B87A2C9D0DB2004FD90D /* CustomFontModifier.swift */ = {isa = PBXFileReference; lastKnownFileType = sourcecode.swift; path = CustomFontModifier.swift; sourceTree = "<group>"; };
		C989B8822C9D1A72004FD90D /* Color+.swift */ = {isa = PBXFileReference; lastKnownFileType = sourcecode.swift; path = "Color+.swift"; sourceTree = "<group>"; };
		C989B8862C9D5383004FD90D /* LessonDetailView.swift */ = {isa = PBXFileReference; lastKnownFileType = sourcecode.swift; path = LessonDetailView.swift; sourceTree = "<group>"; };
		C9AC16652CA2A32200251F38 /* MusicSearchCompoView.swift */ = {isa = PBXFileReference; lastKnownFileType = sourcecode.swift; path = MusicSearchCompoView.swift; sourceTree = "<group>"; };
		C9AC16672CA2BACA00251F38 /* AddMemoViewModel.swift */ = {isa = PBXFileReference; lastKnownFileType = sourcecode.swift; path = AddMemoViewModel.swift; sourceTree = "<group>"; };
		C9AC16692CA2BE9100251F38 /* ViewHiddenModifier.swift */ = {isa = PBXFileReference; lastKnownFileType = sourcecode.swift; path = ViewHiddenModifier.swift; sourceTree = "<group>"; };
		C9CB200E2C9BF718005DECF7 /* CustomTabView.swift */ = {isa = PBXFileReference; lastKnownFileType = sourcecode.swift; path = CustomTabView.swift; sourceTree = "<group>"; };
		C9CB20102C9BF739005DECF7 /* TabModel.swift */ = {isa = PBXFileReference; lastKnownFileType = sourcecode.swift; path = TabModel.swift; sourceTree = "<group>"; };
		C9CB20122C9BF7C1005DECF7 /* CalendarView.swift */ = {isa = PBXFileReference; lastKnownFileType = sourcecode.swift; path = CalendarView.swift; sourceTree = "<group>"; };
		C9CB20142C9BF7CE005DECF7 /* FeedView.swift */ = {isa = PBXFileReference; lastKnownFileType = sourcecode.swift; path = FeedView.swift; sourceTree = "<group>"; };
		C9CB20162C9BF7DB005DECF7 /* MyPageView.swift */ = {isa = PBXFileReference; lastKnownFileType = sourcecode.swift; path = MyPageView.swift; sourceTree = "<group>"; };
		C9CB20182C9BF909005DECF7 /* TabBarAccess.swift */ = {isa = PBXFileReference; lastKnownFileType = sourcecode.swift; path = TabBarAccess.swift; sourceTree = "<group>"; };
		C9CB201A2C9BF929005DECF7 /* TabBarButtonStyle.swift */ = {isa = PBXFileReference; lastKnownFileType = sourcecode.swift; path = TabBarButtonStyle.swift; sourceTree = "<group>"; };
		C9CB201D2C9BFC1B005DECF7 /* NotesTabView.swift */ = {isa = PBXFileReference; lastKnownFileType = sourcecode.swift; path = NotesTabView.swift; sourceTree = "<group>"; };
		C9CB20232C9BFEAA005DECF7 /* LazyNavigationView.swift */ = {isa = PBXFileReference; lastKnownFileType = sourcecode.swift; path = LazyNavigationView.swift; sourceTree = "<group>"; };
		C9CB202A2C9C0149005DECF7 /* FSCalendarView.swift */ = {isa = PBXFileReference; lastKnownFileType = sourcecode.swift; path = FSCalendarView.swift; sourceTree = "<group>"; };
		C9CB202E2C9C1DEB005DECF7 /* CalendarViewModel.swift */ = {isa = PBXFileReference; lastKnownFileType = sourcecode.swift; path = CalendarViewModel.swift; sourceTree = "<group>"; };
		C9FF89112C9DB82E004AF325 /* Constant.swift */ = {isa = PBXFileReference; lastKnownFileType = sourcecode.swift; path = Constant.swift; sourceTree = "<group>"; };
/* End PBXFileReference section */

/* Begin PBXFrameworksBuildPhase section */
		C96BC6B12C9BD53400C5B5AE /* Frameworks */ = {
			isa = PBXFrameworksBuildPhase;
			buildActionMask = 2147483647;
			files = (
				C9CB20292C9C00A6005DECF7 /* FSCalendar in Frameworks */,
			);
			runOnlyForDeploymentPostprocessing = 0;
		};
/* End PBXFrameworksBuildPhase section */

/* Begin PBXGroup section */
		C904FA432C9C20B300D1C2DB /* Helper */ = {
			isa = PBXGroup;
			children = (
				C904FA442C9C20BF00D1C2DB /* DateFormat.swift */,
			);
			path = Helper;
			sourceTree = "<group>";
		};
		C904FA462C9C226400D1C2DB /* Extenstion+ */ = {
			isa = PBXGroup;
			children = (
				C904FA472C9C226B00D1C2DB /* Date+.swift */,
				C989B8822C9D1A72004FD90D /* Color+.swift */,
			);
			path = "Extenstion+";
			sourceTree = "<group>";
		};
		C909A5302CA19401007E6A61 /* MemoDetail */ = {
			isa = PBXGroup;
			children = (
				C909A5322CA19416007E6A61 /* ViewModel */,
				C909A5312CA19411007E6A61 /* View */,
			);
			path = MemoDetail;
			sourceTree = "<group>";
		};
		C909A5312CA19411007E6A61 /* View */ = {
			isa = PBXGroup;
			children = (
				C989B8862C9D5383004FD90D /* LessonDetailView.swift */,
				C909A5242CA14F4C007E6A61 /* LessonMusicView.swift */,
				C909A5262CA15006007E6A61 /* MusicInfoDetailView.swift */,
				C909A5282CA158BA007E6A61 /* LessonTimeView.swift */,
				C909A52A2CA1853F007E6A61 /* LessonMemoView.swift */,
				C909A52C2CA19229007E6A61 /* LessonTimeCircleView.swift */,
			);
			path = View;
			sourceTree = "<group>";
		};
		C909A5322CA19416007E6A61 /* ViewModel */ = {
			isa = PBXGroup;
			children = (
			);
			path = ViewModel;
			sourceTree = "<group>";
		};
		C96BC6AB2C9BD53400C5B5AE = {
			isa = PBXGroup;
			children = (
				C96BC6B62C9BD53400C5B5AE /* Musical-Notes */,
				C96BC6B52C9BD53400C5B5AE /* Products */,
			);
			sourceTree = "<group>";
		};
		C96BC6B52C9BD53400C5B5AE /* Products */ = {
			isa = PBXGroup;
			children = (
				C96BC6B42C9BD53400C5B5AE /* Musical-Notes.app */,
			);
			name = Products;
			sourceTree = "<group>";
		};
		C96BC6B62C9BD53400C5B5AE /* Musical-Notes */ = {
			isa = PBXGroup;
			children = (
				C989B87E2C9D15A0004FD90D /* Utils */,
				C989B87D2C9D1581004FD90D /* Foreground */,
				C989B87C2C9D14C6004FD90D /* Resources */,
				C9CB201F2C9BFD71005DECF7 /* Legacy */,
			);
			path = "Musical-Notes";
			sourceTree = "<group>";
		};
		C96BC6BD2C9BD53500C5B5AE /* Preview Content */ = {
			isa = PBXGroup;
			children = (
				C96BC6BE2C9BD53500C5B5AE /* Preview Assets.xcassets */,
			);
			path = "Preview Content";
			sourceTree = "<group>";
		};
		C986902E2CA1977500418A61 /* MemoPost */ = {
			isa = PBXGroup;
			children = (
				C98690302CA1978200418A61 /* ViewModel */,
				C986902F2CA1977D00418A61 /* View */,
			);
			path = MemoPost;
			sourceTree = "<group>";
		};
		C986902F2CA1977D00418A61 /* View */ = {
			isa = PBXGroup;
			children = (
				C98690312CA1978B00418A61 /* AddMemoView.swift */,
			);
			path = View;
			sourceTree = "<group>";
		};
		C98690302CA1978200418A61 /* ViewModel */ = {
			isa = PBXGroup;
			children = (
				C9AC16672CA2BACA00251F38 /* AddMemoViewModel.swift */,
			);
			path = ViewModel;
			sourceTree = "<group>";
		};
		C98690332CA1AAF500418A61 /* MusicSearch */ = {
			isa = PBXGroup;
			children = (
				C9AC16642CA2A31600251F38 /* View */,
			);
			path = MusicSearch;
			sourceTree = "<group>";
		};
		C989B8632C9D089F004FD90D /* Fonts */ = {
			isa = PBXGroup;
			children = (
				C989B86A2C9D08C3004FD90D /* Pretendard-Black.otf */,
				C989B8672C9D08C3004FD90D /* Pretendard-Bold.otf */,
				C989B86B2C9D08C3004FD90D /* Pretendard-ExtraBold.otf */,
				C989B8662C9D08C3004FD90D /* Pretendard-ExtraLight.otf */,
				C989B86C2C9D08C3004FD90D /* Pretendard-Light.otf */,
				C989B8642C9D08C3004FD90D /* Pretendard-Medium.otf */,
				C989B8652C9D08C3004FD90D /* Pretendard-Regular.otf */,
				C989B8692C9D08C3004FD90D /* Pretendard-SemiBold.otf */,
				C989B8682C9D08C3004FD90D /* Pretendard-Thin.otf */,
			);
			path = Fonts;
			sourceTree = "<group>";
		};
		C989B8772C9D09A0004FD90D /* Enum */ = {
			isa = PBXGroup;
			children = (
				C989B8782C9D09B1004FD90D /* PretendardFontType.swift */,
				C9FF89112C9DB82E004AF325 /* Constant.swift */,
			);
			path = Enum;
			sourceTree = "<group>";
		};
		C989B87C2C9D14C6004FD90D /* Resources */ = {
			isa = PBXGroup;
			children = (
				C989B8762C9D08EA004FD90D /* Info.plist */,
				C989B8632C9D089F004FD90D /* Fonts */,
				C96BC6BB2C9BD53500C5B5AE /* Assets.xcassets */,
				C96BC6BD2C9BD53500C5B5AE /* Preview Content */,
			);
			path = Resources;
			sourceTree = "<group>";
		};
		C989B87D2C9D1581004FD90D /* Foreground */ = {
			isa = PBXGroup;
			children = (
				C9CB201C2C9BFBC3005DECF7 /* ReusableView */,
				C9CB200D2C9BF701005DECF7 /* ViewModifier */,
				C9CB20082C9BE3F7005DECF7 /* Screen */,
			);
			path = Foreground;
			sourceTree = "<group>";
		};
		C989B87E2C9D15A0004FD90D /* Utils */ = {
			isa = PBXGroup;
			children = (
				C904FA462C9C226400D1C2DB /* Extenstion+ */,
				C904FA432C9C20B300D1C2DB /* Helper */,
				C989B8772C9D09A0004FD90D /* Enum */,
			);
			path = Utils;
			sourceTree = "<group>";
		};
		C989B87F2C9D15B8004FD90D /* App */ = {
			isa = PBXGroup;
			children = (
				C96BC6B72C9BD53400C5B5AE /* Musical_NotesApp.swift */,
				C96BC6B92C9BD53400C5B5AE /* ContentView.swift */,
			);
			path = App;
			sourceTree = "<group>";
		};
		C9AC16642CA2A31600251F38 /* View */ = {
			isa = PBXGroup;
			children = (
				C98690342CA1AAFF00418A61 /* MusicSearchView.swift */,
				C9AC16652CA2A32200251F38 /* MusicSearchCompoView.swift */,
			);
			path = View;
			sourceTree = "<group>";
		};
		C9CB20082C9BE3F7005DECF7 /* Screen */ = {
			isa = PBXGroup;
			children = (
				C98690332CA1AAF500418A61 /* MusicSearch */,
				C986902E2CA1977500418A61 /* MemoPost */,
				C909A5302CA19401007E6A61 /* MemoDetail */,
				C989B87F2C9D15B8004FD90D /* App */,
				C9CB200C2C9BE417005DECF7 /* MyPage */,
				C9CB200B2C9BE410005DECF7 /* Feed */,
				C9CB200A2C9BE409005DECF7 /* Calendar */,
				C9CB20092C9BE403005DECF7 /* Tab */,
			);
			path = Screen;
			sourceTree = "<group>";
		};
		C9CB20092C9BE403005DECF7 /* Tab */ = {
			isa = PBXGroup;
			children = (
				C9CB20102C9BF739005DECF7 /* TabModel.swift */,
				C9CB201D2C9BFC1B005DECF7 /* NotesTabView.swift */,
			);
			path = Tab;
			sourceTree = "<group>";
		};
		C9CB200A2C9BE409005DECF7 /* Calendar */ = {
			isa = PBXGroup;
			children = (
				C9CB202D2C9C1DE2005DECF7 /* ViewModel */,
				C9CB202C2C9C1DD9005DECF7 /* View */,
			);
			path = Calendar;
			sourceTree = "<group>";
		};
		C9CB200B2C9BE410005DECF7 /* Feed */ = {
			isa = PBXGroup;
			children = (
				C9CB20142C9BF7CE005DECF7 /* FeedView.swift */,
			);
			path = Feed;
			sourceTree = "<group>";
		};
		C9CB200C2C9BE417005DECF7 /* MyPage */ = {
			isa = PBXGroup;
			children = (
				C9CB20162C9BF7DB005DECF7 /* MyPageView.swift */,
			);
			path = MyPage;
			sourceTree = "<group>";
		};
		C9CB200D2C9BF701005DECF7 /* ViewModifier */ = {
			isa = PBXGroup;
			children = (
				C904FA4B2C9C4AEE00D1C2DB /* ButtonActionModifier.swift */,
				C989B87A2C9D0DB2004FD90D /* CustomFontModifier.swift */,
				C9AC16692CA2BE9100251F38 /* ViewHiddenModifier.swift */,
			);
			path = ViewModifier;
			sourceTree = "<group>";
		};
		C9CB201C2C9BFBC3005DECF7 /* ReusableView */ = {
			isa = PBXGroup;
			children = (
				C9CB20232C9BFEAA005DECF7 /* LazyNavigationView.swift */,
				C909A5222CA14EB4007E6A61 /* AsyncImgView.swift */,
			);
			path = ReusableView;
			sourceTree = "<group>";
		};
		C9CB201F2C9BFD71005DECF7 /* Legacy */ = {
			isa = PBXGroup;
			children = (
				C9CB20202C9BFD7E005DECF7 /* customTab */,
			);
			path = Legacy;
			sourceTree = "<group>";
		};
		C9CB20202C9BFD7E005DECF7 /* customTab */ = {
			isa = PBXGroup;
			children = (
				C9CB200E2C9BF718005DECF7 /* CustomTabView.swift */,
				C9CB20182C9BF909005DECF7 /* TabBarAccess.swift */,
				C9CB201A2C9BF929005DECF7 /* TabBarButtonStyle.swift */,
			);
			path = customTab;
			sourceTree = "<group>";
		};
		C9CB202C2C9C1DD9005DECF7 /* View */ = {
			isa = PBXGroup;
			children = (
				C9CB20122C9BF7C1005DECF7 /* CalendarView.swift */,
				C9CB202A2C9C0149005DECF7 /* FSCalendarView.swift */,
				C904FA492C9C44F000D1C2DB /* TopMonthView.swift */,
				C904FA4D2C9C575100D1C2DB /* LessonCardView.swift */,
			);
			path = View;
			sourceTree = "<group>";
		};
		C9CB202D2C9C1DE2005DECF7 /* ViewModel */ = {
			isa = PBXGroup;
			children = (
				C9CB202E2C9C1DEB005DECF7 /* CalendarViewModel.swift */,
			);
			path = ViewModel;
			sourceTree = "<group>";
		};
/* End PBXGroup section */

/* Begin PBXNativeTarget section */
		C96BC6B32C9BD53400C5B5AE /* Musical-Notes */ = {
			isa = PBXNativeTarget;
			buildConfigurationList = C96BC6C22C9BD53500C5B5AE /* Build configuration list for PBXNativeTarget "Musical-Notes" */;
			buildPhases = (
				C96BC6B02C9BD53400C5B5AE /* Sources */,
				C96BC6B12C9BD53400C5B5AE /* Frameworks */,
				C96BC6B22C9BD53400C5B5AE /* Resources */,
			);
			buildRules = (
			);
			dependencies = (
			);
			name = "Musical-Notes";
			packageProductDependencies = (
				C9CB20282C9C00A6005DECF7 /* FSCalendar */,
			);
			productName = "Musical-Notes";
			productReference = C96BC6B42C9BD53400C5B5AE /* Musical-Notes.app */;
			productType = "com.apple.product-type.application";
		};
/* End PBXNativeTarget section */

/* Begin PBXProject section */
		C96BC6AC2C9BD53400C5B5AE /* Project object */ = {
			isa = PBXProject;
			attributes = {
				BuildIndependentTargetsInParallel = 1;
				LastSwiftUpdateCheck = 1530;
				LastUpgradeCheck = 1530;
				TargetAttributes = {
					C96BC6B32C9BD53400C5B5AE = {
						CreatedOnToolsVersion = 15.3;
					};
				};
			};
			buildConfigurationList = C96BC6AF2C9BD53400C5B5AE /* Build configuration list for PBXProject "Musical-Notes" */;
			compatibilityVersion = "Xcode 14.0";
			developmentRegion = en;
			hasScannedForEncodings = 0;
			knownRegions = (
				en,
				Base,
			);
			mainGroup = C96BC6AB2C9BD53400C5B5AE;
			packageReferences = (
				C9CB20272C9C00A6005DECF7 /* XCRemoteSwiftPackageReference "FSCalendar" */,
			);
			productRefGroup = C96BC6B52C9BD53400C5B5AE /* Products */;
			projectDirPath = "";
			projectRoot = "";
			targets = (
				C96BC6B32C9BD53400C5B5AE /* Musical-Notes */,
			);
		};
/* End PBXProject section */

/* Begin PBXResourcesBuildPhase section */
		C96BC6B22C9BD53400C5B5AE /* Resources */ = {
			isa = PBXResourcesBuildPhase;
			buildActionMask = 2147483647;
			files = (
				C96BC6BF2C9BD53500C5B5AE /* Preview Assets.xcassets in Resources */,
				C989B8702C9D08C3004FD90D /* Pretendard-Bold.otf in Resources */,
				C989B8742C9D08C3004FD90D /* Pretendard-ExtraBold.otf in Resources */,
				C989B8712C9D08C3004FD90D /* Pretendard-Thin.otf in Resources */,
				C989B8722C9D08C3004FD90D /* Pretendard-SemiBold.otf in Resources */,
				C989B8752C9D08C3004FD90D /* Pretendard-Light.otf in Resources */,
				C989B8732C9D08C3004FD90D /* Pretendard-Black.otf in Resources */,
				C989B86E2C9D08C3004FD90D /* Pretendard-Regular.otf in Resources */,
				C989B86F2C9D08C3004FD90D /* Pretendard-ExtraLight.otf in Resources */,
				C96BC6BC2C9BD53500C5B5AE /* Assets.xcassets in Resources */,
				C989B86D2C9D08C3004FD90D /* Pretendard-Medium.otf in Resources */,
			);
			runOnlyForDeploymentPostprocessing = 0;
		};
/* End PBXResourcesBuildPhase section */

/* Begin PBXSourcesBuildPhase section */
		C96BC6B02C9BD53400C5B5AE /* Sources */ = {
			isa = PBXSourcesBuildPhase;
			buildActionMask = 2147483647;
			files = (
				C909A5252CA14F4C007E6A61 /* LessonMusicView.swift in Sources */,
				C9AC166A2CA2BE9100251F38 /* ViewHiddenModifier.swift in Sources */,
				C904FA4C2C9C4AEE00D1C2DB /* ButtonActionModifier.swift in Sources */,
				C9CB20172C9BF7DB005DECF7 /* MyPageView.swift in Sources */,
				C98690352CA1AAFF00418A61 /* MusicSearchView.swift in Sources */,
				C909A5272CA15006007E6A61 /* MusicInfoDetailView.swift in Sources */,
				C9AC16662CA2A32200251F38 /* MusicSearchCompoView.swift in Sources */,
				C904FA4A2C9C44F000D1C2DB /* TopMonthView.swift in Sources */,
				C909A5292CA158BA007E6A61 /* LessonTimeView.swift in Sources */,
				C909A5232CA14EB4007E6A61 /* AsyncImgView.swift in Sources */,
				C9CB202B2C9C0149005DECF7 /* FSCalendarView.swift in Sources */,
				C9CB20132C9BF7C1005DECF7 /* CalendarView.swift in Sources */,
				C909A52D2CA19229007E6A61 /* LessonTimeCircleView.swift in Sources */,
				C9CB202F2C9C1DEB005DECF7 /* CalendarViewModel.swift in Sources */,
				C904FA452C9C20BF00D1C2DB /* DateFormat.swift in Sources */,
				C989B8832C9D1A72004FD90D /* Color+.swift in Sources */,
				C9CB200F2C9BF718005DECF7 /* CustomTabView.swift in Sources */,
				C9CB20192C9BF909005DECF7 /* TabBarAccess.swift in Sources */,
				C9FF89122C9DB82E004AF325 /* Constant.swift in Sources */,
				C9CB201E2C9BFC1B005DECF7 /* NotesTabView.swift in Sources */,
				C9CB20112C9BF739005DECF7 /* TabModel.swift in Sources */,
				C9CB201B2C9BF929005DECF7 /* TabBarButtonStyle.swift in Sources */,
				C989B87B2C9D0DB2004FD90D /* CustomFontModifier.swift in Sources */,
				C96BC6BA2C9BD53400C5B5AE /* ContentView.swift in Sources */,
				C909A52B2CA1853F007E6A61 /* LessonMemoView.swift in Sources */,
				C989B8872C9D5383004FD90D /* LessonDetailView.swift in Sources */,
				C9CB20152C9BF7CE005DECF7 /* FeedView.swift in Sources */,
				C989B8792C9D09B1004FD90D /* PretendardFontType.swift in Sources */,
				C904FA482C9C226B00D1C2DB /* Date+.swift in Sources */,
				C98690322CA1978B00418A61 /* AddMemoView.swift in Sources */,
				C9AC16682CA2BACA00251F38 /* AddMemoViewModel.swift in Sources */,
				C9CB20242C9BFEAA005DECF7 /* LazyNavigationView.swift in Sources */,
				C904FA4E2C9C575100D1C2DB /* LessonCardView.swift in Sources */,
				C96BC6B82C9BD53400C5B5AE /* Musical_NotesApp.swift in Sources */,
			);
			runOnlyForDeploymentPostprocessing = 0;
		};
/* End PBXSourcesBuildPhase section */

/* Begin XCBuildConfiguration section */
		C96BC6C02C9BD53500C5B5AE /* Debug */ = {
			isa = XCBuildConfiguration;
			buildSettings = {
				ALWAYS_SEARCH_USER_PATHS = NO;
				ASSETCATALOG_COMPILER_GENERATE_SWIFT_ASSET_SYMBOL_EXTENSIONS = YES;
				CLANG_ANALYZER_NONNULL = YES;
				CLANG_ANALYZER_NUMBER_OBJECT_CONVERSION = YES_AGGRESSIVE;
				CLANG_CXX_LANGUAGE_STANDARD = "gnu++20";
				CLANG_ENABLE_MODULES = YES;
				CLANG_ENABLE_OBJC_ARC = YES;
				CLANG_ENABLE_OBJC_WEAK = YES;
				CLANG_WARN_BLOCK_CAPTURE_AUTORELEASING = YES;
				CLANG_WARN_BOOL_CONVERSION = YES;
				CLANG_WARN_COMMA = YES;
				CLANG_WARN_CONSTANT_CONVERSION = YES;
				CLANG_WARN_DEPRECATED_OBJC_IMPLEMENTATIONS = YES;
				CLANG_WARN_DIRECT_OBJC_ISA_USAGE = YES_ERROR;
				CLANG_WARN_DOCUMENTATION_COMMENTS = YES;
				CLANG_WARN_EMPTY_BODY = YES;
				CLANG_WARN_ENUM_CONVERSION = YES;
				CLANG_WARN_INFINITE_RECURSION = YES;
				CLANG_WARN_INT_CONVERSION = YES;
				CLANG_WARN_NON_LITERAL_NULL_CONVERSION = YES;
				CLANG_WARN_OBJC_IMPLICIT_RETAIN_SELF = YES;
				CLANG_WARN_OBJC_LITERAL_CONVERSION = YES;
				CLANG_WARN_OBJC_ROOT_CLASS = YES_ERROR;
				CLANG_WARN_QUOTED_INCLUDE_IN_FRAMEWORK_HEADER = YES;
				CLANG_WARN_RANGE_LOOP_ANALYSIS = YES;
				CLANG_WARN_STRICT_PROTOTYPES = YES;
				CLANG_WARN_SUSPICIOUS_MOVE = YES;
				CLANG_WARN_UNGUARDED_AVAILABILITY = YES_AGGRESSIVE;
				CLANG_WARN_UNREACHABLE_CODE = YES;
				CLANG_WARN__DUPLICATE_METHOD_MATCH = YES;
				COPY_PHASE_STRIP = NO;
				DEBUG_INFORMATION_FORMAT = dwarf;
				ENABLE_STRICT_OBJC_MSGSEND = YES;
				ENABLE_TESTABILITY = YES;
				ENABLE_USER_SCRIPT_SANDBOXING = YES;
				GCC_C_LANGUAGE_STANDARD = gnu17;
				GCC_DYNAMIC_NO_PIC = NO;
				GCC_NO_COMMON_BLOCKS = YES;
				GCC_OPTIMIZATION_LEVEL = 0;
				GCC_PREPROCESSOR_DEFINITIONS = (
					"DEBUG=1",
					"$(inherited)",
				);
				GCC_WARN_64_TO_32_BIT_CONVERSION = YES;
				GCC_WARN_ABOUT_RETURN_TYPE = YES_ERROR;
				GCC_WARN_UNDECLARED_SELECTOR = YES;
				GCC_WARN_UNINITIALIZED_AUTOS = YES_AGGRESSIVE;
				GCC_WARN_UNUSED_FUNCTION = YES;
				GCC_WARN_UNUSED_VARIABLE = YES;
				IPHONEOS_DEPLOYMENT_TARGET = 16.0;
				LOCALIZATION_PREFERS_STRING_CATALOGS = YES;
				MTL_ENABLE_DEBUG_INFO = INCLUDE_SOURCE;
				MTL_FAST_MATH = YES;
				ONLY_ACTIVE_ARCH = YES;
				SDKROOT = iphoneos;
				SWIFT_ACTIVE_COMPILATION_CONDITIONS = "DEBUG $(inherited)";
				SWIFT_OPTIMIZATION_LEVEL = "-Onone";
			};
			name = Debug;
		};
		C96BC6C12C9BD53500C5B5AE /* Release */ = {
			isa = XCBuildConfiguration;
			buildSettings = {
				ALWAYS_SEARCH_USER_PATHS = NO;
				ASSETCATALOG_COMPILER_GENERATE_SWIFT_ASSET_SYMBOL_EXTENSIONS = YES;
				CLANG_ANALYZER_NONNULL = YES;
				CLANG_ANALYZER_NUMBER_OBJECT_CONVERSION = YES_AGGRESSIVE;
				CLANG_CXX_LANGUAGE_STANDARD = "gnu++20";
				CLANG_ENABLE_MODULES = YES;
				CLANG_ENABLE_OBJC_ARC = YES;
				CLANG_ENABLE_OBJC_WEAK = YES;
				CLANG_WARN_BLOCK_CAPTURE_AUTORELEASING = YES;
				CLANG_WARN_BOOL_CONVERSION = YES;
				CLANG_WARN_COMMA = YES;
				CLANG_WARN_CONSTANT_CONVERSION = YES;
				CLANG_WARN_DEPRECATED_OBJC_IMPLEMENTATIONS = YES;
				CLANG_WARN_DIRECT_OBJC_ISA_USAGE = YES_ERROR;
				CLANG_WARN_DOCUMENTATION_COMMENTS = YES;
				CLANG_WARN_EMPTY_BODY = YES;
				CLANG_WARN_ENUM_CONVERSION = YES;
				CLANG_WARN_INFINITE_RECURSION = YES;
				CLANG_WARN_INT_CONVERSION = YES;
				CLANG_WARN_NON_LITERAL_NULL_CONVERSION = YES;
				CLANG_WARN_OBJC_IMPLICIT_RETAIN_SELF = YES;
				CLANG_WARN_OBJC_LITERAL_CONVERSION = YES;
				CLANG_WARN_OBJC_ROOT_CLASS = YES_ERROR;
				CLANG_WARN_QUOTED_INCLUDE_IN_FRAMEWORK_HEADER = YES;
				CLANG_WARN_RANGE_LOOP_ANALYSIS = YES;
				CLANG_WARN_STRICT_PROTOTYPES = YES;
				CLANG_WARN_SUSPICIOUS_MOVE = YES;
				CLANG_WARN_UNGUARDED_AVAILABILITY = YES_AGGRESSIVE;
				CLANG_WARN_UNREACHABLE_CODE = YES;
				CLANG_WARN__DUPLICATE_METHOD_MATCH = YES;
				COPY_PHASE_STRIP = NO;
				DEBUG_INFORMATION_FORMAT = "dwarf-with-dsym";
				ENABLE_NS_ASSERTIONS = NO;
				ENABLE_STRICT_OBJC_MSGSEND = YES;
				ENABLE_USER_SCRIPT_SANDBOXING = YES;
				GCC_C_LANGUAGE_STANDARD = gnu17;
				GCC_NO_COMMON_BLOCKS = YES;
				GCC_WARN_64_TO_32_BIT_CONVERSION = YES;
				GCC_WARN_ABOUT_RETURN_TYPE = YES_ERROR;
				GCC_WARN_UNDECLARED_SELECTOR = YES;
				GCC_WARN_UNINITIALIZED_AUTOS = YES_AGGRESSIVE;
				GCC_WARN_UNUSED_FUNCTION = YES;
				GCC_WARN_UNUSED_VARIABLE = YES;
				IPHONEOS_DEPLOYMENT_TARGET = 16.0;
				LOCALIZATION_PREFERS_STRING_CATALOGS = YES;
				MTL_ENABLE_DEBUG_INFO = NO;
				MTL_FAST_MATH = YES;
				SDKROOT = iphoneos;
				SWIFT_COMPILATION_MODE = wholemodule;
				VALIDATE_PRODUCT = YES;
			};
			name = Release;
		};
		C96BC6C32C9BD53500C5B5AE /* Debug */ = {
			isa = XCBuildConfiguration;
			buildSettings = {
				ASSETCATALOG_COMPILER_APPICON_NAME = AppIcon;
				ASSETCATALOG_COMPILER_GLOBAL_ACCENT_COLOR_NAME = AccentColor;
				CODE_SIGN_STYLE = Automatic;
				CURRENT_PROJECT_VERSION = 1;
				DEVELOPMENT_ASSET_PATHS = "\"Musical-Notes/Resources/Preview Content\"";
				DEVELOPMENT_TEAM = T4W7695R5C;
				ENABLE_PREVIEWS = YES;
				GENERATE_INFOPLIST_FILE = YES;
				INFOPLIST_FILE = "Musical-Notes/Resources/Info.plist";
				INFOPLIST_KEY_UIApplicationSceneManifest_Generation = YES;
				INFOPLIST_KEY_UIApplicationSupportsIndirectInputEvents = YES;
				INFOPLIST_KEY_UILaunchScreen_Generation = YES;
				INFOPLIST_KEY_UISupportedInterfaceOrientations = UIInterfaceOrientationPortrait;
				INFOPLIST_KEY_UISupportedInterfaceOrientations_iPad = UIInterfaceOrientationPortrait;
				INFOPLIST_KEY_UIUserInterfaceStyle = Light;
				IPHONEOS_DEPLOYMENT_TARGET = 16.0;
				LD_RUNPATH_SEARCH_PATHS = (
					"$(inherited)",
					"@executable_path/Frameworks",
				);
				MARKETING_VERSION = 1.0;
				PRODUCT_BUNDLE_IDENTIFIER = "com.isakatty.Musical-Notes";
				PRODUCT_NAME = "$(TARGET_NAME)";
				SUPPORTED_PLATFORMS = "iphoneos iphonesimulator";
				SUPPORTS_MACCATALYST = NO;
				SUPPORTS_MAC_DESIGNED_FOR_IPHONE_IPAD = NO;
				SUPPORTS_XR_DESIGNED_FOR_IPHONE_IPAD = NO;
				SWIFT_EMIT_LOC_STRINGS = YES;
				SWIFT_VERSION = 5.0;
				TARGETED_DEVICE_FAMILY = 1;
			};
			name = Debug;
		};
		C96BC6C42C9BD53500C5B5AE /* Release */ = {
			isa = XCBuildConfiguration;
			buildSettings = {
				ASSETCATALOG_COMPILER_APPICON_NAME = AppIcon;
				ASSETCATALOG_COMPILER_GLOBAL_ACCENT_COLOR_NAME = AccentColor;
				CODE_SIGN_STYLE = Automatic;
				CURRENT_PROJECT_VERSION = 1;
				DEVELOPMENT_ASSET_PATHS = "\"Musical-Notes/Resources/Preview Content\"";
				DEVELOPMENT_TEAM = T4W7695R5C;
				ENABLE_PREVIEWS = YES;
				GENERATE_INFOPLIST_FILE = YES;
				INFOPLIST_FILE = "Musical-Notes/Resources/Info.plist";
				INFOPLIST_KEY_UIApplicationSceneManifest_Generation = YES;
				INFOPLIST_KEY_UIApplicationSupportsIndirectInputEvents = YES;
				INFOPLIST_KEY_UILaunchScreen_Generation = YES;
				INFOPLIST_KEY_UISupportedInterfaceOrientations = UIInterfaceOrientationPortrait;
				INFOPLIST_KEY_UISupportedInterfaceOrientations_iPad = UIInterfaceOrientationPortrait;
				INFOPLIST_KEY_UIUserInterfaceStyle = Light;
				IPHONEOS_DEPLOYMENT_TARGET = 16.0;
				LD_RUNPATH_SEARCH_PATHS = (
					"$(inherited)",
					"@executable_path/Frameworks",
				);
				MARKETING_VERSION = 1.0;
				PRODUCT_BUNDLE_IDENTIFIER = "com.isakatty.Musical-Notes";
				PRODUCT_NAME = "$(TARGET_NAME)";
				SUPPORTED_PLATFORMS = "iphoneos iphonesimulator";
				SUPPORTS_MACCATALYST = NO;
				SUPPORTS_MAC_DESIGNED_FOR_IPHONE_IPAD = NO;
				SUPPORTS_XR_DESIGNED_FOR_IPHONE_IPAD = NO;
				SWIFT_EMIT_LOC_STRINGS = YES;
				SWIFT_VERSION = 5.0;
				TARGETED_DEVICE_FAMILY = 1;
			};
			name = Release;
		};
/* End XCBuildConfiguration section */

/* Begin XCConfigurationList section */
		C96BC6AF2C9BD53400C5B5AE /* Build configuration list for PBXProject "Musical-Notes" */ = {
			isa = XCConfigurationList;
			buildConfigurations = (
				C96BC6C02C9BD53500C5B5AE /* Debug */,
				C96BC6C12C9BD53500C5B5AE /* Release */,
			);
			defaultConfigurationIsVisible = 0;
			defaultConfigurationName = Release;
		};
		C96BC6C22C9BD53500C5B5AE /* Build configuration list for PBXNativeTarget "Musical-Notes" */ = {
			isa = XCConfigurationList;
			buildConfigurations = (
				C96BC6C32C9BD53500C5B5AE /* Debug */,
				C96BC6C42C9BD53500C5B5AE /* Release */,
			);
			defaultConfigurationIsVisible = 0;
			defaultConfigurationName = Release;
		};
/* End XCConfigurationList section */

/* Begin XCRemoteSwiftPackageReference section */
		C9CB20272C9C00A6005DECF7 /* XCRemoteSwiftPackageReference "FSCalendar" */ = {
			isa = XCRemoteSwiftPackageReference;
			repositoryURL = "https://github.com/WenchaoD/FSCalendar.git";
			requirement = {
				kind = upToNextMajorVersion;
				minimumVersion = 2.8.4;
			};
		};
/* End XCRemoteSwiftPackageReference section */

/* Begin XCSwiftPackageProductDependency section */
		C9CB20282C9C00A6005DECF7 /* FSCalendar */ = {
			isa = XCSwiftPackageProductDependency;
			package = C9CB20272C9C00A6005DECF7 /* XCRemoteSwiftPackageReference "FSCalendar" */;
			productName = FSCalendar;
		};
/* End XCSwiftPackageProductDependency section */
	};
	rootObject = C96BC6AC2C9BD53400C5B5AE /* Project object */;
}
